
Microsoft Visual Studio Solution File, Format Version 12.00
# Visual Studio Version 17
VisualStudioVersion = 17.14.36623.8 d17.14
MinimumVisualStudioVersion = 10.0.40219.1
Project("{FAE04EC0-301F-11D3-BF4B-00C04F79EFBC}") = "WaterLevelCompleter", "WaterLevelCompleter.csproj", "{C6E86219-0AAD-94CE-AA1E-07358C13DDCB}"
EndProject
Global
	GlobalSection(SolutionConfigurationPlatforms) = preSolution
		Debug|Any CPU = Debug|Any CPU
		Release|Any CPU = Release|Any CPU
	EndGlobalSection
	GlobalSection(ProjectConfigurationPlatforms) = postSolution
		{C6E86219-0AAD-94CE-AA1E-07358C13DDCB}.Debug|Any CPU.ActiveCfg = Debug|Any CPU
		{C6E86219-0AAD-94CE-AA1E-07358C13DDCB}.Debug|Any CPU.Build.0 = Debug|Any CPU
		{C6E86219-0AAD-94CE-AA1E-07358C13DDCB}.Release|Any CPU.ActiveCfg = Release|Any CPU
		{C6E86219-0AAD-94CE-AA1E-07358C13DDCB}.Release|Any CPU.Build.0 = Release|Any CPU
	EndGlobalSection
	GlobalSection(SolutionProperties) = preSolution
		HideSolutionNode = FALSE
	EndGlobalSection
	GlobalSection(ExtensibilityGlobals) = postSolution
		SolutionGuid = {D2AB9EBE-C411-48D6-990B-484696F08EC6}
	EndGlobalSection
EndGlobal
